// !$*UTF8*$!
{
	archiveVersion = 1;
	classes = {
	};
	objectVersion = 50;
	objects = {

/* Begin PBXBuildFile section */
		18EB448542738C85008954F8 /* Pods_StuDo.framework in Frameworks */ = {isa = PBXBuildFile; fileRef = 037C607D7A4FCD956CCB5C23 /* Pods_StuDo.framework */; };
		34445C941AC774AB402BEC54 /* Pods_StuDoTests.framework in Frameworks */ = {isa = PBXBuildFile; fileRef = 33751538F6BBDCA5F378E119 /* Pods_StuDoTests.framework */; };
		49034AF0232B9BE800749D18 /* UserPublicController.swift in Sources */ = {isa = PBXBuildFile; fileRef = 49034AEF232B9BE800749D18 /* UserPublicController.swift */; };
		491BFCEF233BE72E002CF4AE /* AdDescriptionTextView.swift in Sources */ = {isa = PBXBuildFile; fileRef = 491BFCEE233BE72E002CF4AE /* AdDescriptionTextView.swift */; };
		491DCA8C231C089D00A78111 /* UIColorExtension.swift in Sources */ = {isa = PBXBuildFile; fileRef = 491DCA8B231C089D00A78111 /* UIColorExtension.swift */; };
		4928D43622A3ED9700F4D703 /* DataModel.swift in Sources */ = {isa = PBXBuildFile; fileRef = 4928D43522A3ED9700F4D703 /* DataModel.swift */; };
		4933A91D232A667F00A09646 /* AdTableViewCell.xib in Resources */ = {isa = PBXBuildFile; fileRef = 4933A91C232A667F00A09646 /* AdTableViewCell.xib */; };
		4933A91F232A6A0300A09646 /* TextViewNoPadding.swift in Sources */ = {isa = PBXBuildFile; fileRef = 4933A91E232A6A0300A09646 /* TextViewNoPadding.swift */; };
		4933A921232A6C2800A09646 /* AdTableViewCell.swift in Sources */ = {isa = PBXBuildFile; fileRef = 4933A920232A6C2800A09646 /* AdTableViewCell.swift */; };
		4938CF3723412A6800055A98 /* CommentTableViewCell.swift in Sources */ = {isa = PBXBuildFile; fileRef = 4938CF3623412A6800055A98 /* CommentTableViewCell.swift */; };
		4938CF39234137BE00055A98 /* UserGradient.swift in Sources */ = {isa = PBXBuildFile; fileRef = 4938CF38234137BE00055A98 /* UserGradient.swift */; };
		4938CF3B2341421300055A98 /* MemberTableViewCell.swift in Sources */ = {isa = PBXBuildFile; fileRef = 4938CF3A2341421300055A98 /* MemberTableViewCell.swift */; };
		493C5A5022A189370032AB6E /* APIClient.swift in Sources */ = {isa = PBXBuildFile; fileRef = 493C5A4F22A189370032AB6E /* APIClient.swift */; };
		493E7D29232E2BB600278DAF /* Notifications.swift in Sources */ = {isa = PBXBuildFile; fileRef = 493E7D28232E2BB600278DAF /* Notifications.swift */; };
		493E8ACC228B4354004EC563 /* AppDelegate.swift in Sources */ = {isa = PBXBuildFile; fileRef = 493E8ACB228B4354004EC563 /* AppDelegate.swift */; };
		493E8AD6228B4356004EC563 /* LaunchScreen.storyboard in Resources */ = {isa = PBXBuildFile; fileRef = 493E8AD4228B4356004EC563 /* LaunchScreen.storyboard */; };
		493E8AE1228B4357004EC563 /* StuDoTests.swift in Sources */ = {isa = PBXBuildFile; fileRef = 493E8AE0228B4357004EC563 /* StuDoTests.swift */; };
		493E8AEC228B4357004EC563 /* StuDoUITests.swift in Sources */ = {isa = PBXBuildFile; fileRef = 493E8AEB228B4357004EC563 /* StuDoUITests.swift */; };
		494C64A922C24B0E0039740B /* PersistentStore.swift in Sources */ = {isa = PBXBuildFile; fileRef = 494C64A822C24B0E0039740B /* PersistentStore.swift */; };
		494C64AB22C253AC0039740B /* AccountDetailViewController.swift in Sources */ = {isa = PBXBuildFile; fileRef = 494C64AA22C253AC0039740B /* AccountDetailViewController.swift */; };
		49544FA522FB22240019A544 /* FadeAnimatedTransitioning.swift in Sources */ = {isa = PBXBuildFile; fileRef = 49544FA422FB22240019A544 /* FadeAnimatedTransitioning.swift */; };
		495B27AF22C0145600AADD19 /* AuthorizationViewController.swift in Sources */ = {isa = PBXBuildFile; fileRef = 495B27AE22C0145600AADD19 /* AuthorizationViewController.swift */; };
		49713C5E230B081D00E65807 /* AboutViewController.swift in Sources */ = {isa = PBXBuildFile; fileRef = 49713C5D230B081D00E65807 /* AboutViewController.swift */; };
		49713C60230B093300E65807 /* AboutHeaderView.swift in Sources */ = {isa = PBXBuildFile; fileRef = 49713C5F230B093300E65807 /* AboutHeaderView.swift */; };
		4973AD20231D4A0300B4B578 /* DateFormatterExtension.swift in Sources */ = {isa = PBXBuildFile; fileRef = 4973AD1F231D4A0300B4B578 /* DateFormatterExtension.swift */; };
		4973AD23231D50DF00B4B578 /* OrganizationListController.swift in Sources */ = {isa = PBXBuildFile; fileRef = 4973AD22231D50DF00B4B578 /* OrganizationListController.swift */; };
		4973AD25231D58DD00B4B578 /* OrganizationViewController.swift in Sources */ = {isa = PBXBuildFile; fileRef = 4973AD24231D58DD00B4B578 /* OrganizationViewController.swift */; };
		4980ED702341E375003FADC6 /* CommentInputTableViewCell.swift in Sources */ = {isa = PBXBuildFile; fileRef = 4980ED6F2341E375003FADC6 /* CommentInputTableViewCell.swift */; };
		499075D8233E642B0045DE6A /* UserTableViewCell.swift in Sources */ = {isa = PBXBuildFile; fileRef = 499075D7233E642B0045DE6A /* UserTableViewCell.swift */; };
		499075DA233E77120045DE6A /* CurrentUserAdTableViewCell.swift in Sources */ = {isa = PBXBuildFile; fileRef = 499075D9233E77120045DE6A /* CurrentUserAdTableViewCell.swift */; };
		49A543C822FF06AB00A466EF /* RootViewController.swift in Sources */ = {isa = PBXBuildFile; fileRef = 49A543C722FF06AB00A466EF /* RootViewController.swift */; };
		49A8F77C22D745C200C2661E /* CurrentUserTableViewCell.swift in Sources */ = {isa = PBXBuildFile; fileRef = 49A8F77B22D745C200C2661E /* CurrentUserTableViewCell.swift */; };
		49ADF625231C1C4200AA3FCB /* DateButton.swift in Sources */ = {isa = PBXBuildFile; fileRef = 49ADF624231C1C4200AA3FCB /* DateButton.swift */; };
		49ADF627231CF3A100AA3FCB /* DatePickerController.swift in Sources */ = {isa = PBXBuildFile; fileRef = 49ADF626231CF3A100AA3FCB /* DatePickerController.swift */; };
		49ADF629231CF4BD00AA3FCB /* SlideUpTransition.swift in Sources */ = {isa = PBXBuildFile; fileRef = 49ADF628231CF4BD00AA3FCB /* SlideUpTransition.swift */; };
		49B1B37D228DD4F300CA9EC7 /* TabBarController.swift in Sources */ = {isa = PBXBuildFile; fileRef = 49B1B37C228DD4F300CA9EC7 /* TabBarController.swift */; };
		49B1B381228DD5CB00CA9EC7 /* AccountViewController.swift in Sources */ = {isa = PBXBuildFile; fileRef = 49B1B380228DD5CB00CA9EC7 /* AccountViewController.swift */; };
		49B1B383228DD75400CA9EC7 /* FeedViewController.swift in Sources */ = {isa = PBXBuildFile; fileRef = 49B1B382228DD75400CA9EC7 /* FeedViewController.swift */; };
		49BBB9992306BCC700883EB9 /* FoldingTitleView.swift in Sources */ = {isa = PBXBuildFile; fileRef = 49BBB9982306BCC700883EB9 /* FoldingTitleView.swift */; };
		49BBB99B2306E25600883EB9 /* NavigationMenu.swift in Sources */ = {isa = PBXBuildFile; fileRef = 49BBB99A2306E25600883EB9 /* NavigationMenu.swift */; };
		49BBB99D2306E6B600883EB9 /* ListItemCell.swift in Sources */ = {isa = PBXBuildFile; fileRef = 49BBB99C2306E6B600883EB9 /* ListItemCell.swift */; };
		49BCE24A22F0AC1600C64C44 /* CardViewController.swift in Sources */ = {isa = PBXBuildFile; fileRef = 49BCE24922F0AC1600C64C44 /* CardViewController.swift */; };
		49BCE24C22F0AC2100C64C44 /* CardAnimatedTransitioning.swift in Sources */ = {isa = PBXBuildFile; fileRef = 49BCE24B22F0AC2100C64C44 /* CardAnimatedTransitioning.swift */; };
		49BCE24E22F31D4C00C64C44 /* Assets.xcassets in Resources */ = {isa = PBXBuildFile; fileRef = 49BCE24D22F31D4C00C64C44 /* Assets.xcassets */; };
		49C85B2522D8C2E800578F39 /* BasicTableViewCells.swift in Sources */ = {isa = PBXBuildFile; fileRef = 49C85B2422D8C2E800578F39 /* BasicTableViewCells.swift */; };
		49C85B2722D8D06300578F39 /* GlobalConstants.swift in Sources */ = {isa = PBXBuildFile; fileRef = 49C85B2622D8D06300578F39 /* GlobalConstants.swift */; };
		49C85B2D22D8F64C00578F39 /* AccountHeaderCell.swift in Sources */ = {isa = PBXBuildFile; fileRef = 49C85B2C22D8F64C00578F39 /* AccountHeaderCell.swift */; };
		49CAEC8F229D93B00008D809 /* AdViewController.swift in Sources */ = {isa = PBXBuildFile; fileRef = 49CAEC8E229D93B00008D809 /* AdViewController.swift */; };
		49D3A25C2340F8F800FE4731 /* GermanStrings.plist in Resources */ = {isa = PBXBuildFile; fileRef = 49D3A25B2340F8F600FE4731 /* GermanStrings.plist */; };
		49D76A7723102B26002B22D4 /* SettingsViewController.swift in Sources */ = {isa = PBXBuildFile; fileRef = 49D76A7623102B26002B22D4 /* SettingsViewController.swift */; };
		49D76A7A23102FD0002B22D4 /* SettingsListViewControllers.swift in Sources */ = {isa = PBXBuildFile; fileRef = 49D76A7923102FD0002B22D4 /* SettingsListViewControllers.swift */; };
		49D76A7C231050A8002B22D4 /* Localizer.swift in Sources */ = {isa = PBXBuildFile; fileRef = 49D76A7B231050A8002B22D4 /* Localizer.swift */; };
		49D76A80231053D2002B22D4 /* EnglishStrings.plist in Resources */ = {isa = PBXBuildFile; fileRef = 49D76A7F231053D2002B22D4 /* EnglishStrings.plist */; };
		49D76A82231059B9002B22D4 /* NotificationExtension.swift in Sources */ = {isa = PBXBuildFile; fileRef = 49D76A81231059B9002B22D4 /* NotificationExtension.swift */; };
		49D76A8423105F64002B22D4 /* RussianStrings.plist in Resources */ = {isa = PBXBuildFile; fileRef = 49D76A8323105F64002B22D4 /* RussianStrings.plist */; };
		49DEADCC2301F9390031B3DF /* ProfileEditorViewController.swift in Sources */ = {isa = PBXBuildFile; fileRef = 49DEADCB2301F9390031B3DF /* ProfileEditorViewController.swift */; };
		49DEADCE2302EE440031B3DF /* NewAdButton.swift in Sources */ = {isa = PBXBuildFile; fileRef = 49DEADCD2302EE440031B3DF /* NewAdButton.swift */; };
		49E2DB1022FDB22B0015DCD8 /* UITableViewExtension.swift in Sources */ = {isa = PBXBuildFile; fileRef = 49E2DB0F22FDB22B0015DCD8 /* UITableViewExtension.swift */; };
		49E2DB1422FDB3730015DCD8 /* EmailTableViewController.swift in Sources */ = {isa = PBXBuildFile; fileRef = 49E2DB1322FDB3730015DCD8 /* EmailTableViewController.swift */; };
		49E2DB1622FDB4E20015DCD8 /* DataChecker.swift in Sources */ = {isa = PBXBuildFile; fileRef = 49E2DB1522FDB4E20015DCD8 /* DataChecker.swift */; };
		49E2DB1822FDBD1E0015DCD8 /* PasswordTableViewController.swift in Sources */ = {isa = PBXBuildFile; fileRef = 49E2DB1722FDBD1E0015DCD8 /* PasswordTableViewController.swift */; };
		49E61DD523185CB1007BC4FF /* LoadingIndicator.swift in Sources */ = {isa = PBXBuildFile; fileRef = 49E61DD423185CB1007BC4FF /* LoadingIndicator.swift */; };
		49E61DD9231A564C007BC4FF /* UIFontExtension.swift in Sources */ = {isa = PBXBuildFile; fileRef = 49E61DD8231A564C007BC4FF /* UIFontExtension.swift */; };
		49E61DDB231A5C69007BC4FF /* TextFormatter.swift in Sources */ = {isa = PBXBuildFile; fileRef = 49E61DDA231A5C69007BC4FF /* TextFormatter.swift */; };
		4F40B5808A2133A8365DB0BA /* Pods_StuDoUITests.framework in Frameworks */ = {isa = PBXBuildFile; fileRef = 0741CF780B623AECF2A2DEEA /* Pods_StuDoUITests.framework */; };
/* End PBXBuildFile section */

/* Begin PBXContainerItemProxy section */
		493E8ADD228B4357004EC563 /* PBXContainerItemProxy */ = {
			isa = PBXContainerItemProxy;
			containerPortal = 493E8AC0228B4353004EC563 /* Project object */;
			proxyType = 1;
			remoteGlobalIDString = 493E8AC7228B4354004EC563;
			remoteInfo = StuDo;
		};
		493E8AE8228B4357004EC563 /* PBXContainerItemProxy */ = {
			isa = PBXContainerItemProxy;
			containerPortal = 493E8AC0228B4353004EC563 /* Project object */;
			proxyType = 1;
			remoteGlobalIDString = 493E8AC7228B4354004EC563;
			remoteInfo = StuDo;
		};
/* End PBXContainerItemProxy section */

/* Begin PBXFileReference section */
		037C607D7A4FCD956CCB5C23 /* Pods_StuDo.framework */ = {isa = PBXFileReference; explicitFileType = wrapper.framework; includeInIndex = 0; path = Pods_StuDo.framework; sourceTree = BUILT_PRODUCTS_DIR; };
		0741CF780B623AECF2A2DEEA /* Pods_StuDoUITests.framework */ = {isa = PBXFileReference; explicitFileType = wrapper.framework; includeInIndex = 0; path = Pods_StuDoUITests.framework; sourceTree = BUILT_PRODUCTS_DIR; };
		1DD12E45B438AD99D11A9CF1 /* Pods-StuDoTests.debug.xcconfig */ = {isa = PBXFileReference; includeInIndex = 1; lastKnownFileType = text.xcconfig; name = "Pods-StuDoTests.debug.xcconfig"; path = "Target Support Files/Pods-StuDoTests/Pods-StuDoTests.debug.xcconfig"; sourceTree = "<group>"; };
		2A17B1D50126FAE33800F6AF /* Pods-StuDo.release.xcconfig */ = {isa = PBXFileReference; includeInIndex = 1; lastKnownFileType = text.xcconfig; name = "Pods-StuDo.release.xcconfig"; path = "Target Support Files/Pods-StuDo/Pods-StuDo.release.xcconfig"; sourceTree = "<group>"; };
		2FE429D61770B68559E85652 /* Pods-StuDoUITests.debug.xcconfig */ = {isa = PBXFileReference; includeInIndex = 1; lastKnownFileType = text.xcconfig; name = "Pods-StuDoUITests.debug.xcconfig"; path = "Target Support Files/Pods-StuDoUITests/Pods-StuDoUITests.debug.xcconfig"; sourceTree = "<group>"; };
		33751538F6BBDCA5F378E119 /* Pods_StuDoTests.framework */ = {isa = PBXFileReference; explicitFileType = wrapper.framework; includeInIndex = 0; path = Pods_StuDoTests.framework; sourceTree = BUILT_PRODUCTS_DIR; };
		49034AEF232B9BE800749D18 /* UserPublicController.swift */ = {isa = PBXFileReference; lastKnownFileType = sourcecode.swift; path = UserPublicController.swift; sourceTree = "<group>"; };
		491BFCEE233BE72E002CF4AE /* AdDescriptionTextView.swift */ = {isa = PBXFileReference; lastKnownFileType = sourcecode.swift; path = AdDescriptionTextView.swift; sourceTree = "<group>"; };
		491DCA8B231C089D00A78111 /* UIColorExtension.swift */ = {isa = PBXFileReference; lastKnownFileType = sourcecode.swift; path = UIColorExtension.swift; sourceTree = "<group>"; };
		4928D43522A3ED9700F4D703 /* DataModel.swift */ = {isa = PBXFileReference; lastKnownFileType = sourcecode.swift; path = DataModel.swift; sourceTree = "<group>"; };
		4933A91C232A667F00A09646 /* AdTableViewCell.xib */ = {isa = PBXFileReference; lastKnownFileType = file.xib; path = AdTableViewCell.xib; sourceTree = "<group>"; };
		4933A91E232A6A0300A09646 /* TextViewNoPadding.swift */ = {isa = PBXFileReference; lastKnownFileType = sourcecode.swift; path = TextViewNoPadding.swift; sourceTree = "<group>"; };
		4933A920232A6C2800A09646 /* AdTableViewCell.swift */ = {isa = PBXFileReference; lastKnownFileType = sourcecode.swift; path = AdTableViewCell.swift; sourceTree = "<group>"; };
		4938CF3623412A6800055A98 /* CommentTableViewCell.swift */ = {isa = PBXFileReference; lastKnownFileType = sourcecode.swift; path = CommentTableViewCell.swift; sourceTree = "<group>"; };
		4938CF38234137BE00055A98 /* UserGradient.swift */ = {isa = PBXFileReference; lastKnownFileType = sourcecode.swift; path = UserGradient.swift; sourceTree = "<group>"; };
		4938CF3A2341421300055A98 /* MemberTableViewCell.swift */ = {isa = PBXFileReference; lastKnownFileType = sourcecode.swift; path = MemberTableViewCell.swift; sourceTree = "<group>"; };
		493C5A4F22A189370032AB6E /* APIClient.swift */ = {isa = PBXFileReference; lastKnownFileType = sourcecode.swift; path = APIClient.swift; sourceTree = "<group>"; };
		493E7D28232E2BB600278DAF /* Notifications.swift */ = {isa = PBXFileReference; lastKnownFileType = sourcecode.swift; path = Notifications.swift; sourceTree = "<group>"; };
		493E8AC8228B4354004EC563 /* StuDo.app */ = {isa = PBXFileReference; explicitFileType = wrapper.application; includeInIndex = 0; path = StuDo.app; sourceTree = BUILT_PRODUCTS_DIR; };
		493E8ACB228B4354004EC563 /* AppDelegate.swift */ = {isa = PBXFileReference; lastKnownFileType = sourcecode.swift; path = AppDelegate.swift; sourceTree = "<group>"; };
		493E8AD5228B4356004EC563 /* Base */ = {isa = PBXFileReference; lastKnownFileType = file.storyboard; name = Base; path = Base.lproj/LaunchScreen.storyboard; sourceTree = "<group>"; };
		493E8AD7228B4356004EC563 /* Info.plist */ = {isa = PBXFileReference; lastKnownFileType = text.plist.xml; path = Info.plist; sourceTree = "<group>"; };
		493E8ADC228B4357004EC563 /* StuDoTests.xctest */ = {isa = PBXFileReference; explicitFileType = wrapper.cfbundle; includeInIndex = 0; path = StuDoTests.xctest; sourceTree = BUILT_PRODUCTS_DIR; };
		493E8AE0228B4357004EC563 /* StuDoTests.swift */ = {isa = PBXFileReference; lastKnownFileType = sourcecode.swift; path = StuDoTests.swift; sourceTree = "<group>"; };
		493E8AE2228B4357004EC563 /* Info.plist */ = {isa = PBXFileReference; lastKnownFileType = text.plist.xml; path = Info.plist; sourceTree = "<group>"; };
		493E8AE7228B4357004EC563 /* StuDoUITests.xctest */ = {isa = PBXFileReference; explicitFileType = wrapper.cfbundle; includeInIndex = 0; path = StuDoUITests.xctest; sourceTree = BUILT_PRODUCTS_DIR; };
		493E8AEB228B4357004EC563 /* StuDoUITests.swift */ = {isa = PBXFileReference; lastKnownFileType = sourcecode.swift; path = StuDoUITests.swift; sourceTree = "<group>"; };
		493E8AED228B4357004EC563 /* Info.plist */ = {isa = PBXFileReference; lastKnownFileType = text.plist.xml; path = Info.plist; sourceTree = "<group>"; };
		494C64A822C24B0E0039740B /* PersistentStore.swift */ = {isa = PBXFileReference; lastKnownFileType = sourcecode.swift; path = PersistentStore.swift; sourceTree = "<group>"; };
		494C64AA22C253AC0039740B /* AccountDetailViewController.swift */ = {isa = PBXFileReference; lastKnownFileType = sourcecode.swift; path = AccountDetailViewController.swift; sourceTree = "<group>"; };
		49544FA422FB22240019A544 /* FadeAnimatedTransitioning.swift */ = {isa = PBXFileReference; lastKnownFileType = sourcecode.swift; path = FadeAnimatedTransitioning.swift; sourceTree = "<group>"; };
		495B27AE22C0145600AADD19 /* AuthorizationViewController.swift */ = {isa = PBXFileReference; fileEncoding = 4; lastKnownFileType = sourcecode.swift; path = AuthorizationViewController.swift; sourceTree = "<group>"; };
		49713C5D230B081D00E65807 /* AboutViewController.swift */ = {isa = PBXFileReference; lastKnownFileType = sourcecode.swift; path = AboutViewController.swift; sourceTree = "<group>"; };
		49713C5F230B093300E65807 /* AboutHeaderView.swift */ = {isa = PBXFileReference; lastKnownFileType = sourcecode.swift; path = AboutHeaderView.swift; sourceTree = "<group>"; };
		4973AD1F231D4A0300B4B578 /* DateFormatterExtension.swift */ = {isa = PBXFileReference; lastKnownFileType = sourcecode.swift; path = DateFormatterExtension.swift; sourceTree = "<group>"; };
		4973AD22231D50DF00B4B578 /* OrganizationListController.swift */ = {isa = PBXFileReference; lastKnownFileType = sourcecode.swift; path = OrganizationListController.swift; sourceTree = "<group>"; };
		4973AD24231D58DD00B4B578 /* OrganizationViewController.swift */ = {isa = PBXFileReference; lastKnownFileType = sourcecode.swift; path = OrganizationViewController.swift; sourceTree = "<group>"; };
		4980ED6F2341E375003FADC6 /* CommentInputTableViewCell.swift */ = {isa = PBXFileReference; lastKnownFileType = sourcecode.swift; path = CommentInputTableViewCell.swift; sourceTree = "<group>"; };
		499075D7233E642B0045DE6A /* UserTableViewCell.swift */ = {isa = PBXFileReference; fileEncoding = 4; lastKnownFileType = sourcecode.swift; path = UserTableViewCell.swift; sourceTree = "<group>"; };
		499075D9233E77120045DE6A /* CurrentUserAdTableViewCell.swift */ = {isa = PBXFileReference; lastKnownFileType = sourcecode.swift; path = CurrentUserAdTableViewCell.swift; sourceTree = "<group>"; };
		49A543C722FF06AB00A466EF /* RootViewController.swift */ = {isa = PBXFileReference; lastKnownFileType = sourcecode.swift; path = RootViewController.swift; sourceTree = "<group>"; };
		49A8F77B22D745C200C2661E /* CurrentUserTableViewCell.swift */ = {isa = PBXFileReference; lastKnownFileType = sourcecode.swift; path = CurrentUserTableViewCell.swift; sourceTree = "<group>"; };
		49ADF624231C1C4200AA3FCB /* DateButton.swift */ = {isa = PBXFileReference; lastKnownFileType = sourcecode.swift; path = DateButton.swift; sourceTree = "<group>"; };
		49ADF626231CF3A100AA3FCB /* DatePickerController.swift */ = {isa = PBXFileReference; lastKnownFileType = sourcecode.swift; path = DatePickerController.swift; sourceTree = "<group>"; };
		49ADF628231CF4BD00AA3FCB /* SlideUpTransition.swift */ = {isa = PBXFileReference; lastKnownFileType = sourcecode.swift; path = SlideUpTransition.swift; sourceTree = "<group>"; };
		49B1B37C228DD4F300CA9EC7 /* TabBarController.swift */ = {isa = PBXFileReference; lastKnownFileType = sourcecode.swift; path = TabBarController.swift; sourceTree = "<group>"; };
		49B1B380228DD5CB00CA9EC7 /* AccountViewController.swift */ = {isa = PBXFileReference; lastKnownFileType = sourcecode.swift; path = AccountViewController.swift; sourceTree = "<group>"; };
		49B1B382228DD75400CA9EC7 /* FeedViewController.swift */ = {isa = PBXFileReference; lastKnownFileType = sourcecode.swift; path = FeedViewController.swift; sourceTree = "<group>"; };
		49BBB9982306BCC700883EB9 /* FoldingTitleView.swift */ = {isa = PBXFileReference; lastKnownFileType = sourcecode.swift; path = FoldingTitleView.swift; sourceTree = "<group>"; };
		49BBB99A2306E25600883EB9 /* NavigationMenu.swift */ = {isa = PBXFileReference; lastKnownFileType = sourcecode.swift; path = NavigationMenu.swift; sourceTree = "<group>"; };
		49BBB99C2306E6B600883EB9 /* ListItemCell.swift */ = {isa = PBXFileReference; lastKnownFileType = sourcecode.swift; path = ListItemCell.swift; sourceTree = "<group>"; };
		49BCE24922F0AC1600C64C44 /* CardViewController.swift */ = {isa = PBXFileReference; fileEncoding = 4; lastKnownFileType = sourcecode.swift; path = CardViewController.swift; sourceTree = "<group>"; };
		49BCE24B22F0AC2100C64C44 /* CardAnimatedTransitioning.swift */ = {isa = PBXFileReference; fileEncoding = 4; lastKnownFileType = sourcecode.swift; path = CardAnimatedTransitioning.swift; sourceTree = "<group>"; };
		49BCE24D22F31D4C00C64C44 /* Assets.xcassets */ = {isa = PBXFileReference; lastKnownFileType = folder.assetcatalog; path = Assets.xcassets; sourceTree = "<group>"; };
		49C85B2422D8C2E800578F39 /* BasicTableViewCells.swift */ = {isa = PBXFileReference; lastKnownFileType = sourcecode.swift; path = BasicTableViewCells.swift; sourceTree = "<group>"; };
		49C85B2622D8D06300578F39 /* GlobalConstants.swift */ = {isa = PBXFileReference; lastKnownFileType = sourcecode.swift; path = GlobalConstants.swift; sourceTree = "<group>"; };
		49C85B2C22D8F64C00578F39 /* AccountHeaderCell.swift */ = {isa = PBXFileReference; lastKnownFileType = sourcecode.swift; path = AccountHeaderCell.swift; sourceTree = "<group>"; };
		49CAEC8E229D93B00008D809 /* AdViewController.swift */ = {isa = PBXFileReference; lastKnownFileType = sourcecode.swift; path = AdViewController.swift; sourceTree = "<group>"; };
		49D3A25B2340F8F600FE4731 /* GermanStrings.plist */ = {isa = PBXFileReference; fileEncoding = 4; lastKnownFileType = text.plist.xml; path = GermanStrings.plist; sourceTree = "<group>"; };
		49D76A7623102B26002B22D4 /* SettingsViewController.swift */ = {isa = PBXFileReference; lastKnownFileType = sourcecode.swift; path = SettingsViewController.swift; sourceTree = "<group>"; };
		49D76A7923102FD0002B22D4 /* SettingsListViewControllers.swift */ = {isa = PBXFileReference; lastKnownFileType = sourcecode.swift; path = SettingsListViewControllers.swift; sourceTree = "<group>"; };
		49D76A7B231050A8002B22D4 /* Localizer.swift */ = {isa = PBXFileReference; lastKnownFileType = sourcecode.swift; path = Localizer.swift; sourceTree = "<group>"; };
		49D76A7F231053D2002B22D4 /* EnglishStrings.plist */ = {isa = PBXFileReference; lastKnownFileType = text.plist.xml; path = EnglishStrings.plist; sourceTree = "<group>"; };
		49D76A81231059B9002B22D4 /* NotificationExtension.swift */ = {isa = PBXFileReference; lastKnownFileType = sourcecode.swift; path = NotificationExtension.swift; sourceTree = "<group>"; };
		49D76A8323105F64002B22D4 /* RussianStrings.plist */ = {isa = PBXFileReference; fileEncoding = 4; lastKnownFileType = text.plist.xml; path = RussianStrings.plist; sourceTree = "<group>"; };
		49DEADCB2301F9390031B3DF /* ProfileEditorViewController.swift */ = {isa = PBXFileReference; lastKnownFileType = sourcecode.swift; path = ProfileEditorViewController.swift; sourceTree = "<group>"; };
		49DEADCD2302EE440031B3DF /* NewAdButton.swift */ = {isa = PBXFileReference; lastKnownFileType = sourcecode.swift; path = NewAdButton.swift; sourceTree = "<group>"; };
		49E2DB0F22FDB22B0015DCD8 /* UITableViewExtension.swift */ = {isa = PBXFileReference; lastKnownFileType = sourcecode.swift; path = UITableViewExtension.swift; sourceTree = "<group>"; };
		49E2DB1322FDB3730015DCD8 /* EmailTableViewController.swift */ = {isa = PBXFileReference; lastKnownFileType = sourcecode.swift; path = EmailTableViewController.swift; sourceTree = "<group>"; };
		49E2DB1522FDB4E20015DCD8 /* DataChecker.swift */ = {isa = PBXFileReference; lastKnownFileType = sourcecode.swift; path = DataChecker.swift; sourceTree = "<group>"; };
		49E2DB1722FDBD1E0015DCD8 /* PasswordTableViewController.swift */ = {isa = PBXFileReference; lastKnownFileType = sourcecode.swift; path = PasswordTableViewController.swift; sourceTree = "<group>"; };
		49E61DD423185CB1007BC4FF /* LoadingIndicator.swift */ = {isa = PBXFileReference; lastKnownFileType = sourcecode.swift; path = LoadingIndicator.swift; sourceTree = "<group>"; };
		49E61DD8231A564C007BC4FF /* UIFontExtension.swift */ = {isa = PBXFileReference; lastKnownFileType = sourcecode.swift; path = UIFontExtension.swift; sourceTree = "<group>"; };
		49E61DDA231A5C69007BC4FF /* TextFormatter.swift */ = {isa = PBXFileReference; lastKnownFileType = sourcecode.swift; path = TextFormatter.swift; sourceTree = "<group>"; };
		92FE8AEEC3A250B32B848A84 /* Pods-StuDoUITests.release.xcconfig */ = {isa = PBXFileReference; includeInIndex = 1; lastKnownFileType = text.xcconfig; name = "Pods-StuDoUITests.release.xcconfig"; path = "Target Support Files/Pods-StuDoUITests/Pods-StuDoUITests.release.xcconfig"; sourceTree = "<group>"; };
		DD37F5D6A70202D2D3ED0DF6 /* Pods-StuDoTests.release.xcconfig */ = {isa = PBXFileReference; includeInIndex = 1; lastKnownFileType = text.xcconfig; name = "Pods-StuDoTests.release.xcconfig"; path = "Target Support Files/Pods-StuDoTests/Pods-StuDoTests.release.xcconfig"; sourceTree = "<group>"; };
		E4D439D26148893F2BEDDB99 /* Pods-StuDo.debug.xcconfig */ = {isa = PBXFileReference; includeInIndex = 1; lastKnownFileType = text.xcconfig; name = "Pods-StuDo.debug.xcconfig"; path = "Target Support Files/Pods-StuDo/Pods-StuDo.debug.xcconfig"; sourceTree = "<group>"; };
/* End PBXFileReference section */

/* Begin PBXFrameworksBuildPhase section */
		493E8AC5228B4354004EC563 /* Frameworks */ = {
			isa = PBXFrameworksBuildPhase;
			buildActionMask = 2147483647;
			files = (
				18EB448542738C85008954F8 /* Pods_StuDo.framework in Frameworks */,
			);
			runOnlyForDeploymentPostprocessing = 0;
		};
		493E8AD9228B4357004EC563 /* Frameworks */ = {
			isa = PBXFrameworksBuildPhase;
			buildActionMask = 2147483647;
			files = (
				34445C941AC774AB402BEC54 /* Pods_StuDoTests.framework in Frameworks */,
			);
			runOnlyForDeploymentPostprocessing = 0;
		};
		493E8AE4228B4357004EC563 /* Frameworks */ = {
			isa = PBXFrameworksBuildPhase;
			buildActionMask = 2147483647;
			files = (
				4F40B5808A2133A8365DB0BA /* Pods_StuDoUITests.framework in Frameworks */,
			);
			runOnlyForDeploymentPostprocessing = 0;
		};
/* End PBXFrameworksBuildPhase section */

/* Begin PBXGroup section */
		1525710047FC43B439153300 /* Frameworks */ = {
			isa = PBXGroup;
			children = (
				037C607D7A4FCD956CCB5C23 /* Pods_StuDo.framework */,
				33751538F6BBDCA5F378E119 /* Pods_StuDoTests.framework */,
				0741CF780B623AECF2A2DEEA /* Pods_StuDoUITests.framework */,
			);
			name = Frameworks;
			sourceTree = "<group>";
		};
		491BFCE1233BDBE9002CF4AE /* Controls */ = {
			isa = PBXGroup;
			children = (
				49E61DD423185CB1007BC4FF /* LoadingIndicator.swift */,
				49DEADCD2302EE440031B3DF /* NewAdButton.swift */,
				49ADF624231C1C4200AA3FCB /* DateButton.swift */,
			);
			path = Controls;
			sourceTree = "<group>";
		};
		491BFCE2233BDC11002CF4AE /* Controllers */ = {
			isa = PBXGroup;
			children = (
				49BCE24922F0AC1600C64C44 /* CardViewController.swift */,
				49ADF626231CF3A100AA3FCB /* DatePickerController.swift */,
			);
			path = Controllers;
			sourceTree = "<group>";
		};
		491BFCE4233BDC44002CF4AE /* Extensions */ = {
			isa = PBXGroup;
			children = (
				49E2DB0F22FDB22B0015DCD8 /* UITableViewExtension.swift */,
				4973AD1F231D4A0300B4B578 /* DateFormatterExtension.swift */,
				49E61DD8231A564C007BC4FF /* UIFontExtension.swift */,
				491DCA8B231C089D00A78111 /* UIColorExtension.swift */,
				49D76A81231059B9002B22D4 /* NotificationExtension.swift */,
			);
			path = Extensions;
			sourceTree = "<group>";
		};
		491BFCE5233BDC62002CF4AE /* Top Hierarchy */ = {
			isa = PBXGroup;
			children = (
				49A543C722FF06AB00A466EF /* RootViewController.swift */,
				49B1B37C228DD4F300CA9EC7 /* TabBarController.swift */,
				495B27AE22C0145600AADD19 /* AuthorizationViewController.swift */,
				491BFCE7233BDCE0002CF4AE /* Navigation Menu */,
			);
			path = "Top Hierarchy";
			sourceTree = "<group>";
		};
		491BFCE6233BDCAE002CF4AE /* Transitionings */ = {
			isa = PBXGroup;
			children = (
				49BCE24B22F0AC2100C64C44 /* CardAnimatedTransitioning.swift */,
				49ADF628231CF4BD00AA3FCB /* SlideUpTransition.swift */,
				49544FA422FB22240019A544 /* FadeAnimatedTransitioning.swift */,
			);
			path = Transitionings;
			sourceTree = "<group>";
		};
		491BFCE7233BDCE0002CF4AE /* Navigation Menu */ = {
			isa = PBXGroup;
			children = (
				49BBB99A2306E25600883EB9 /* NavigationMenu.swift */,
				49BBB9982306BCC700883EB9 /* FoldingTitleView.swift */,
			);
			path = "Navigation Menu";
			sourceTree = "<group>";
		};
		491BFCE8233BDD70002CF4AE /* Localization */ = {
			isa = PBXGroup;
			children = (
				49D76A7B231050A8002B22D4 /* Localizer.swift */,
				49D76A7F231053D2002B22D4 /* EnglishStrings.plist */,
				49D76A8323105F64002B22D4 /* RussianStrings.plist */,
				49D3A25B2340F8F600FE4731 /* GermanStrings.plist */,
			);
			path = Localization;
			sourceTree = "<group>";
		};
		491BFCE9233BDDB4002CF4AE /* Data */ = {
			isa = PBXGroup;
			children = (
				493C5A4F22A189370032AB6E /* APIClient.swift */,
				4928D43522A3ED9700F4D703 /* DataModel.swift */,
				49E2DB1522FDB4E20015DCD8 /* DataChecker.swift */,
			);
			path = Data;
			sourceTree = "<group>";
		};
		491BFCEA233BDDC0002CF4AE /* Logic */ = {
			isa = PBXGroup;
			children = (
				494C64A822C24B0E0039740B /* PersistentStore.swift */,
				493E7D28232E2BB600278DAF /* Notifications.swift */,
				49E61DDA231A5C69007BC4FF /* TextFormatter.swift */,
				4938CF38234137BE00055A98 /* UserGradient.swift */,
			);
			path = Logic;
			sourceTree = "<group>";
		};
		491BFCEB233BDE2F002CF4AE /* Profiles */ = {
			isa = PBXGroup;
			children = (
				49DEADCB2301F9390031B3DF /* ProfileEditorViewController.swift */,
			);
			path = Profiles;
			sourceTree = "<group>";
		};
		491BFCEC233BDE7B002CF4AE /* About */ = {
			isa = PBXGroup;
			children = (
				49713C5D230B081D00E65807 /* AboutViewController.swift */,
				49713C5F230B093300E65807 /* AboutHeaderView.swift */,
			);
			path = About;
			sourceTree = "<group>";
		};
		491BFCED233BDEB9002CF4AE /* Users */ = {
			isa = PBXGroup;
			children = (
				49034AEF232B9BE800749D18 /* UserPublicController.swift */,
				499075D7233E642B0045DE6A /* UserTableViewCell.swift */,
			);
			path = Users;
			sourceTree = "<group>";
		};
		493E8ABF228B4353004EC563 = {
			isa = PBXGroup;
			children = (
				493E8ACA228B4354004EC563 /* StuDo */,
				493E8ADF228B4357004EC563 /* StuDoTests */,
				493E8AEA228B4357004EC563 /* StuDoUITests */,
				493E8AC9228B4354004EC563 /* Products */,
				C9BFB34EBEA5784A218E08F9 /* Pods */,
				1525710047FC43B439153300 /* Frameworks */,
			);
			sourceTree = "<group>";
		};
		493E8AC9228B4354004EC563 /* Products */ = {
			isa = PBXGroup;
			children = (
				493E8AC8228B4354004EC563 /* StuDo.app */,
				493E8ADC228B4357004EC563 /* StuDoTests.xctest */,
				493E8AE7228B4357004EC563 /* StuDoUITests.xctest */,
			);
			name = Products;
			sourceTree = "<group>";
		};
		493E8ACA228B4354004EC563 /* StuDo */ = {
			isa = PBXGroup;
			children = (
				491BFCE5233BDC62002CF4AE /* Top Hierarchy */,
				49C85B2F22D9EBFC00578F39 /* Ads */,
				496772CC233A1C2B00776852 /* Settings */,
				496772CB233A1C0400776852 /* Account */,
				491BFCEB233BDE2F002CF4AE /* Profiles */,
				491BFCED233BDEB9002CF4AE /* Users */,
				4973AD21231D50B100B4B578 /* Organizations */,
				49D01F6D22F48388009A1D49 /* Model */,
				491BFCE1233BDBE9002CF4AE /* Controls */,
				49A216F822F60656009AD846 /* Reusable */,
				491BFCEC233BDE7B002CF4AE /* About */,
				491BFCE8233BDD70002CF4AE /* Localization */,
				496F527F23111E080021A195 /* Support files */,
			);
			path = StuDo;
			sourceTree = "<group>";
		};
		493E8ADF228B4357004EC563 /* StuDoTests */ = {
			isa = PBXGroup;
			children = (
				493E8AE0228B4357004EC563 /* StuDoTests.swift */,
				493E8AE2228B4357004EC563 /* Info.plist */,
			);
			path = StuDoTests;
			sourceTree = "<group>";
		};
		493E8AEA228B4357004EC563 /* StuDoUITests */ = {
			isa = PBXGroup;
			children = (
				493E8AEB228B4357004EC563 /* StuDoUITests.swift */,
				493E8AED228B4357004EC563 /* Info.plist */,
			);
			path = StuDoUITests;
			sourceTree = "<group>";
		};
		496772CB233A1C0400776852 /* Account */ = {
			isa = PBXGroup;
			children = (
				49B1B380228DD5CB00CA9EC7 /* AccountViewController.swift */,
				494C64AA22C253AC0039740B /* AccountDetailViewController.swift */,
				49C85B2C22D8F64C00578F39 /* AccountHeaderCell.swift */,
			);
			path = Account;
			sourceTree = "<group>";
		};
		496772CC233A1C2B00776852 /* Settings */ = {
			isa = PBXGroup;
			children = (
				49D76A7623102B26002B22D4 /* SettingsViewController.swift */,
				49D76A7923102FD0002B22D4 /* SettingsListViewControllers.swift */,
				49A8F77B22D745C200C2661E /* CurrentUserTableViewCell.swift */,
				49E2DB1722FDBD1E0015DCD8 /* PasswordTableViewController.swift */,
				49E2DB1322FDB3730015DCD8 /* EmailTableViewController.swift */,
			);
			path = Settings;
			sourceTree = "<group>";
		};
		496F527F23111E080021A195 /* Support files */ = {
			isa = PBXGroup;
			children = (
				49BCE24D22F31D4C00C64C44 /* Assets.xcassets */,
				493E8AD4228B4356004EC563 /* LaunchScreen.storyboard */,
				493E8AD7228B4356004EC563 /* Info.plist */,
				49C85B2622D8D06300578F39 /* GlobalConstants.swift */,
				493E8ACB228B4354004EC563 /* AppDelegate.swift */,
			);
			path = "Support files";
			sourceTree = "<group>";
		};
		4973AD21231D50B100B4B578 /* Organizations */ = {
			isa = PBXGroup;
			children = (
				4973AD22231D50DF00B4B578 /* OrganizationListController.swift */,
				4973AD24231D58DD00B4B578 /* OrganizationViewController.swift */,
				4938CF3A2341421300055A98 /* MemberTableViewCell.swift */,
			);
			path = Organizations;
			sourceTree = "<group>";
		};
		49A216F822F60656009AD846 /* Reusable */ = {
			isa = PBXGroup;
			children = (
				491BFCE4233BDC44002CF4AE /* Extensions */,
				491BFCE2233BDC11002CF4AE /* Controllers */,
				491BFCE6233BDCAE002CF4AE /* Transitionings */,
				49C85B2422D8C2E800578F39 /* BasicTableViewCells.swift */,
				4933A91E232A6A0300A09646 /* TextViewNoPadding.swift */,
				49BBB99C2306E6B600883EB9 /* ListItemCell.swift */,
			);
			path = Reusable;
			sourceTree = "<group>";
		};
		49C85B2F22D9EBFC00578F39 /* Ads */ = {
			isa = PBXGroup;
			children = (
				49B1B382228DD75400CA9EC7 /* FeedViewController.swift */,
				4933A920232A6C2800A09646 /* AdTableViewCell.swift */,
				4933A91C232A667F00A09646 /* AdTableViewCell.xib */,
				49CAEC8E229D93B00008D809 /* AdViewController.swift */,
				491BFCEE233BE72E002CF4AE /* AdDescriptionTextView.swift */,
				499075D9233E77120045DE6A /* CurrentUserAdTableViewCell.swift */,
				4938CF3623412A6800055A98 /* CommentTableViewCell.swift */,
				4980ED6F2341E375003FADC6 /* CommentInputTableViewCell.swift */,
			);
			path = Ads;
			sourceTree = "<group>";
		};
		49D01F6D22F48388009A1D49 /* Model */ = {
			isa = PBXGroup;
			children = (
				491BFCEA233BDDC0002CF4AE /* Logic */,
				491BFCE9233BDDB4002CF4AE /* Data */,
			);
			path = Model;
			sourceTree = "<group>";
		};
		C9BFB34EBEA5784A218E08F9 /* Pods */ = {
			isa = PBXGroup;
			children = (
				E4D439D26148893F2BEDDB99 /* Pods-StuDo.debug.xcconfig */,
				2A17B1D50126FAE33800F6AF /* Pods-StuDo.release.xcconfig */,
				1DD12E45B438AD99D11A9CF1 /* Pods-StuDoTests.debug.xcconfig */,
				DD37F5D6A70202D2D3ED0DF6 /* Pods-StuDoTests.release.xcconfig */,
				2FE429D61770B68559E85652 /* Pods-StuDoUITests.debug.xcconfig */,
				92FE8AEEC3A250B32B848A84 /* Pods-StuDoUITests.release.xcconfig */,
			);
			path = Pods;
			sourceTree = "<group>";
		};
/* End PBXGroup section */

/* Begin PBXNativeTarget section */
		493E8AC7228B4354004EC563 /* StuDo */ = {
			isa = PBXNativeTarget;
			buildConfigurationList = 493E8AF0228B4357004EC563 /* Build configuration list for PBXNativeTarget "StuDo" */;
			buildPhases = (
				C38A0AC4B4C0A5143E9404D8 /* [CP] Check Pods Manifest.lock */,
				493E8AC4228B4354004EC563 /* Sources */,
				493E8AC5228B4354004EC563 /* Frameworks */,
				493E8AC6228B4354004EC563 /* Resources */,
				CDD37407F71ACEEEC7DA6992 /* [CP] Embed Pods Frameworks */,
			);
			buildRules = (
			);
			dependencies = (
			);
			name = StuDo;
			productName = StuDo;
			productReference = 493E8AC8228B4354004EC563 /* StuDo.app */;
			productType = "com.apple.product-type.application";
		};
		493E8ADB228B4357004EC563 /* StuDoTests */ = {
			isa = PBXNativeTarget;
			buildConfigurationList = 493E8AF3228B4357004EC563 /* Build configuration list for PBXNativeTarget "StuDoTests" */;
			buildPhases = (
				65F94A44178D2A24C5984266 /* [CP] Check Pods Manifest.lock */,
				493E8AD8228B4357004EC563 /* Sources */,
				493E8AD9228B4357004EC563 /* Frameworks */,
				493E8ADA228B4357004EC563 /* Resources */,
			);
			buildRules = (
			);
			dependencies = (
				493E8ADE228B4357004EC563 /* PBXTargetDependency */,
			);
			name = StuDoTests;
			productName = StuDoTests;
			productReference = 493E8ADC228B4357004EC563 /* StuDoTests.xctest */;
			productType = "com.apple.product-type.bundle.unit-test";
		};
		493E8AE6228B4357004EC563 /* StuDoUITests */ = {
			isa = PBXNativeTarget;
			buildConfigurationList = 493E8AF6228B4357004EC563 /* Build configuration list for PBXNativeTarget "StuDoUITests" */;
			buildPhases = (
				FB0175A9DD89AA0229F3A097 /* [CP] Check Pods Manifest.lock */,
				493E8AE3228B4357004EC563 /* Sources */,
				493E8AE4228B4357004EC563 /* Frameworks */,
				493E8AE5228B4357004EC563 /* Resources */,
			);
			buildRules = (
			);
			dependencies = (
				493E8AE9228B4357004EC563 /* PBXTargetDependency */,
			);
			name = StuDoUITests;
			productName = StuDoUITests;
			productReference = 493E8AE7228B4357004EC563 /* StuDoUITests.xctest */;
			productType = "com.apple.product-type.bundle.ui-testing";
		};
/* End PBXNativeTarget section */

/* Begin PBXProject section */
		493E8AC0228B4353004EC563 /* Project object */ = {
			isa = PBXProject;
			attributes = {
				LastSwiftUpdateCheck = 1020;
				LastUpgradeCheck = 1020;
				ORGANIZATIONNAME = Andrew;
				TargetAttributes = {
					493E8AC7228B4354004EC563 = {
						CreatedOnToolsVersion = 10.2.1;
					};
					493E8ADB228B4357004EC563 = {
						CreatedOnToolsVersion = 10.2.1;
						TestTargetID = 493E8AC7228B4354004EC563;
					};
					493E8AE6228B4357004EC563 = {
						CreatedOnToolsVersion = 10.2.1;
						TestTargetID = 493E8AC7228B4354004EC563;
					};
				};
			};
			buildConfigurationList = 493E8AC3228B4353004EC563 /* Build configuration list for PBXProject "StuDo" */;
			compatibilityVersion = "Xcode 9.3";
			developmentRegion = en;
			hasScannedForEncodings = 0;
			knownRegions = (
				en,
				Base,
			);
			mainGroup = 493E8ABF228B4353004EC563;
			productRefGroup = 493E8AC9228B4354004EC563 /* Products */;
			projectDirPath = "";
			projectRoot = "";
			targets = (
				493E8AC7228B4354004EC563 /* StuDo */,
				493E8ADB228B4357004EC563 /* StuDoTests */,
				493E8AE6228B4357004EC563 /* StuDoUITests */,
			);
		};
/* End PBXProject section */

/* Begin PBXResourcesBuildPhase section */
		493E8AC6228B4354004EC563 /* Resources */ = {
			isa = PBXResourcesBuildPhase;
			buildActionMask = 2147483647;
			files = (
				4933A91D232A667F00A09646 /* AdTableViewCell.xib in Resources */,
				49BCE24E22F31D4C00C64C44 /* Assets.xcassets in Resources */,
				49D76A8423105F64002B22D4 /* RussianStrings.plist in Resources */,
				49D76A80231053D2002B22D4 /* EnglishStrings.plist in Resources */,
				493E8AD6228B4356004EC563 /* LaunchScreen.storyboard in Resources */,
				49D3A25C2340F8F800FE4731 /* GermanStrings.plist in Resources */,
			);
			runOnlyForDeploymentPostprocessing = 0;
		};
		493E8ADA228B4357004EC563 /* Resources */ = {
			isa = PBXResourcesBuildPhase;
			buildActionMask = 2147483647;
			files = (
			);
			runOnlyForDeploymentPostprocessing = 0;
		};
		493E8AE5228B4357004EC563 /* Resources */ = {
			isa = PBXResourcesBuildPhase;
			buildActionMask = 2147483647;
			files = (
			);
			runOnlyForDeploymentPostprocessing = 0;
		};
/* End PBXResourcesBuildPhase section */

/* Begin PBXShellScriptBuildPhase section */
		65F94A44178D2A24C5984266 /* [CP] Check Pods Manifest.lock */ = {
			isa = PBXShellScriptBuildPhase;
			buildActionMask = 2147483647;
			files = (
			);
			inputFileListPaths = (
			);
			inputPaths = (
				"${PODS_PODFILE_DIR_PATH}/Podfile.lock",
				"${PODS_ROOT}/Manifest.lock",
			);
			name = "[CP] Check Pods Manifest.lock";
			outputFileListPaths = (
			);
			outputPaths = (
				"$(DERIVED_FILE_DIR)/Pods-StuDoTests-checkManifestLockResult.txt",
			);
			runOnlyForDeploymentPostprocessing = 0;
			shellPath = /bin/sh;
			shellScript = "diff \"${PODS_PODFILE_DIR_PATH}/Podfile.lock\" \"${PODS_ROOT}/Manifest.lock\" > /dev/null\nif [ $? != 0 ] ; then\n    # print error to STDERR\n    echo \"error: The sandbox is not in sync with the Podfile.lock. Run 'pod install' or update your CocoaPods installation.\" >&2\n    exit 1\nfi\n# This output is used by Xcode 'outputs' to avoid re-running this script phase.\necho \"SUCCESS\" > \"${SCRIPT_OUTPUT_FILE_0}\"\n";
			showEnvVarsInLog = 0;
		};
		C38A0AC4B4C0A5143E9404D8 /* [CP] Check Pods Manifest.lock */ = {
			isa = PBXShellScriptBuildPhase;
			buildActionMask = 2147483647;
			files = (
			);
			inputFileListPaths = (
			);
			inputPaths = (
				"${PODS_PODFILE_DIR_PATH}/Podfile.lock",
				"${PODS_ROOT}/Manifest.lock",
			);
			name = "[CP] Check Pods Manifest.lock";
			outputFileListPaths = (
			);
			outputPaths = (
				"$(DERIVED_FILE_DIR)/Pods-StuDo-checkManifestLockResult.txt",
			);
			runOnlyForDeploymentPostprocessing = 0;
			shellPath = /bin/sh;
			shellScript = "diff \"${PODS_PODFILE_DIR_PATH}/Podfile.lock\" \"${PODS_ROOT}/Manifest.lock\" > /dev/null\nif [ $? != 0 ] ; then\n    # print error to STDERR\n    echo \"error: The sandbox is not in sync with the Podfile.lock. Run 'pod install' or update your CocoaPods installation.\" >&2\n    exit 1\nfi\n# This output is used by Xcode 'outputs' to avoid re-running this script phase.\necho \"SUCCESS\" > \"${SCRIPT_OUTPUT_FILE_0}\"\n";
			showEnvVarsInLog = 0;
		};
		CDD37407F71ACEEEC7DA6992 /* [CP] Embed Pods Frameworks */ = {
			isa = PBXShellScriptBuildPhase;
			buildActionMask = 2147483647;
			files = (
			);
			inputFileListPaths = (
			);
			inputPaths = (
				"${PODS_ROOT}/Target Support Files/Pods-StuDo/Pods-StuDo-frameworks.sh",
				"${BUILT_PRODUCTS_DIR}/MarkdownKit/MarkdownKit.framework",
			);
			name = "[CP] Embed Pods Frameworks";
			outputFileListPaths = (
			);
			outputPaths = (
				"${TARGET_BUILD_DIR}/${FRAMEWORKS_FOLDER_PATH}/MarkdownKit.framework",
			);
			runOnlyForDeploymentPostprocessing = 0;
			shellPath = /bin/sh;
			shellScript = "\"${PODS_ROOT}/Target Support Files/Pods-StuDo/Pods-StuDo-frameworks.sh\"\n";
			showEnvVarsInLog = 0;
		};
		FB0175A9DD89AA0229F3A097 /* [CP] Check Pods Manifest.lock */ = {
			isa = PBXShellScriptBuildPhase;
			buildActionMask = 2147483647;
			files = (
			);
			inputFileListPaths = (
			);
			inputPaths = (
				"${PODS_PODFILE_DIR_PATH}/Podfile.lock",
				"${PODS_ROOT}/Manifest.lock",
			);
			name = "[CP] Check Pods Manifest.lock";
			outputFileListPaths = (
			);
			outputPaths = (
				"$(DERIVED_FILE_DIR)/Pods-StuDoUITests-checkManifestLockResult.txt",
			);
			runOnlyForDeploymentPostprocessing = 0;
			shellPath = /bin/sh;
			shellScript = "diff \"${PODS_PODFILE_DIR_PATH}/Podfile.lock\" \"${PODS_ROOT}/Manifest.lock\" > /dev/null\nif [ $? != 0 ] ; then\n    # print error to STDERR\n    echo \"error: The sandbox is not in sync with the Podfile.lock. Run 'pod install' or update your CocoaPods installation.\" >&2\n    exit 1\nfi\n# This output is used by Xcode 'outputs' to avoid re-running this script phase.\necho \"SUCCESS\" > \"${SCRIPT_OUTPUT_FILE_0}\"\n";
			showEnvVarsInLog = 0;
		};
/* End PBXShellScriptBuildPhase section */

/* Begin PBXSourcesBuildPhase section */
		493E8AC4228B4354004EC563 /* Sources */ = {
			isa = PBXSourcesBuildPhase;
			buildActionMask = 2147483647;
			files = (
				4973AD20231D4A0300B4B578 /* DateFormatterExtension.swift in Sources */,
				49E61DD523185CB1007BC4FF /* LoadingIndicator.swift in Sources */,
				499075D8233E642B0045DE6A /* UserTableViewCell.swift in Sources */,
				49BBB99B2306E25600883EB9 /* NavigationMenu.swift in Sources */,
				49D76A82231059B9002B22D4 /* NotificationExtension.swift in Sources */,
				4933A91F232A6A0300A09646 /* TextViewNoPadding.swift in Sources */,
				4938CF3B2341421300055A98 /* MemberTableViewCell.swift in Sources */,
				49BCE24C22F0AC2100C64C44 /* CardAnimatedTransitioning.swift in Sources */,
				49E2DB1422FDB3730015DCD8 /* EmailTableViewController.swift in Sources */,
				49E61DD9231A564C007BC4FF /* UIFontExtension.swift in Sources */,
				49ADF627231CF3A100AA3FCB /* DatePickerController.swift in Sources */,
				49E2DB1622FDB4E20015DCD8 /* DataChecker.swift in Sources */,
				49ADF629231CF4BD00AA3FCB /* SlideUpTransition.swift in Sources */,
				4928D43622A3ED9700F4D703 /* DataModel.swift in Sources */,
				495B27AF22C0145600AADD19 /* AuthorizationViewController.swift in Sources */,
				4973AD25231D58DD00B4B578 /* OrganizationViewController.swift in Sources */,
				49D76A7723102B26002B22D4 /* SettingsViewController.swift in Sources */,
				49B1B381228DD5CB00CA9EC7 /* AccountViewController.swift in Sources */,
				49544FA522FB22240019A544 /* FadeAnimatedTransitioning.swift in Sources */,
				49BBB9992306BCC700883EB9 /* FoldingTitleView.swift in Sources */,
				49E2DB1022FDB22B0015DCD8 /* UITableViewExtension.swift in Sources */,
				493E7D29232E2BB600278DAF /* Notifications.swift in Sources */,
				49DEADCE2302EE440031B3DF /* NewAdButton.swift in Sources */,
				49034AF0232B9BE800749D18 /* UserPublicController.swift in Sources */,
				49BBB99D2306E6B600883EB9 /* ListItemCell.swift in Sources */,
				4933A921232A6C2800A09646 /* AdTableViewCell.swift in Sources */,
				49E61DDB231A5C69007BC4FF /* TextFormatter.swift in Sources */,
				494C64A922C24B0E0039740B /* PersistentStore.swift in Sources */,
				49D76A7C231050A8002B22D4 /* Localizer.swift in Sources */,
				499075DA233E77120045DE6A /* CurrentUserAdTableViewCell.swift in Sources */,
				49C85B2722D8D06300578F39 /* GlobalConstants.swift in Sources */,
				494C64AB22C253AC0039740B /* AccountDetailViewController.swift in Sources */,
				49D76A7A23102FD0002B22D4 /* SettingsListViewControllers.swift in Sources */,
				49BCE24A22F0AC1600C64C44 /* CardViewController.swift in Sources */,
				49B1B37D228DD4F300CA9EC7 /* TabBarController.swift in Sources */,
				49713C5E230B081D00E65807 /* AboutViewController.swift in Sources */,
				49A543C822FF06AB00A466EF /* RootViewController.swift in Sources */,
				49DEADCC2301F9390031B3DF /* ProfileEditorViewController.swift in Sources */,
				49ADF625231C1C4200AA3FCB /* DateButton.swift in Sources */,
				49A8F77C22D745C200C2661E /* CurrentUserTableViewCell.swift in Sources */,
				49B1B383228DD75400CA9EC7 /* FeedViewController.swift in Sources */,
				4938CF3723412A6800055A98 /* CommentTableViewCell.swift in Sources */,
				49C85B2D22D8F64C00578F39 /* AccountHeaderCell.swift in Sources */,
				491DCA8C231C089D00A78111 /* UIColorExtension.swift in Sources */,
				493C5A5022A189370032AB6E /* APIClient.swift in Sources */,
				49713C60230B093300E65807 /* AboutHeaderView.swift in Sources */,
				49CAEC8F229D93B00008D809 /* AdViewController.swift in Sources */,
				493E8ACC228B4354004EC563 /* AppDelegate.swift in Sources */,
				4980ED702341E375003FADC6 /* CommentInputTableViewCell.swift in Sources */,
				4973AD23231D50DF00B4B578 /* OrganizationListController.swift in Sources */,
				49C85B2522D8C2E800578F39 /* BasicTableViewCells.swift in Sources */,
				49E2DB1822FDBD1E0015DCD8 /* PasswordTableViewController.swift in Sources */,
				4938CF39234137BE00055A98 /* UserGradient.swift in Sources */,
				491BFCEF233BE72E002CF4AE /* AdDescriptionTextView.swift in Sources */,
			);
			runOnlyForDeploymentPostprocessing = 0;
		};
		493E8AD8228B4357004EC563 /* Sources */ = {
			isa = PBXSourcesBuildPhase;
			buildActionMask = 2147483647;
			files = (
				493E8AE1228B4357004EC563 /* StuDoTests.swift in Sources */,
			);
			runOnlyForDeploymentPostprocessing = 0;
		};
		493E8AE3228B4357004EC563 /* Sources */ = {
			isa = PBXSourcesBuildPhase;
			buildActionMask = 2147483647;
			files = (
				493E8AEC228B4357004EC563 /* StuDoUITests.swift in Sources */,
			);
			runOnlyForDeploymentPostprocessing = 0;
		};
/* End PBXSourcesBuildPhase section */

/* Begin PBXTargetDependency section */
		493E8ADE228B4357004EC563 /* PBXTargetDependency */ = {
			isa = PBXTargetDependency;
			target = 493E8AC7228B4354004EC563 /* StuDo */;
			targetProxy = 493E8ADD228B4357004EC563 /* PBXContainerItemProxy */;
		};
		493E8AE9228B4357004EC563 /* PBXTargetDependency */ = {
			isa = PBXTargetDependency;
			target = 493E8AC7228B4354004EC563 /* StuDo */;
			targetProxy = 493E8AE8228B4357004EC563 /* PBXContainerItemProxy */;
		};
/* End PBXTargetDependency section */

/* Begin PBXVariantGroup section */
		493E8AD4228B4356004EC563 /* LaunchScreen.storyboard */ = {
			isa = PBXVariantGroup;
			children = (
				493E8AD5228B4356004EC563 /* Base */,
			);
			name = LaunchScreen.storyboard;
			sourceTree = "<group>";
		};
/* End PBXVariantGroup section */

/* Begin XCBuildConfiguration section */
		493E8AEE228B4357004EC563 /* Debug */ = {
			isa = XCBuildConfiguration;
			buildSettings = {
				ALWAYS_SEARCH_USER_PATHS = NO;
				CLANG_ANALYZER_NONNULL = YES;
				CLANG_ANALYZER_NUMBER_OBJECT_CONVERSION = YES_AGGRESSIVE;
				CLANG_CXX_LANGUAGE_STANDARD = "gnu++14";
				CLANG_CXX_LIBRARY = "libc++";
				CLANG_ENABLE_MODULES = YES;
				CLANG_ENABLE_OBJC_ARC = YES;
				CLANG_ENABLE_OBJC_WEAK = YES;
				CLANG_WARN_BLOCK_CAPTURE_AUTORELEASING = YES;
				CLANG_WARN_BOOL_CONVERSION = YES;
				CLANG_WARN_COMMA = YES;
				CLANG_WARN_CONSTANT_CONVERSION = YES;
				CLANG_WARN_DEPRECATED_OBJC_IMPLEMENTATIONS = YES;
				CLANG_WARN_DIRECT_OBJC_ISA_USAGE = YES_ERROR;
				CLANG_WARN_DOCUMENTATION_COMMENTS = YES;
				CLANG_WARN_EMPTY_BODY = YES;
				CLANG_WARN_ENUM_CONVERSION = YES;
				CLANG_WARN_INFINITE_RECURSION = YES;
				CLANG_WARN_INT_CONVERSION = YES;
				CLANG_WARN_NON_LITERAL_NULL_CONVERSION = YES;
				CLANG_WARN_OBJC_IMPLICIT_RETAIN_SELF = YES;
				CLANG_WARN_OBJC_LITERAL_CONVERSION = YES;
				CLANG_WARN_OBJC_ROOT_CLASS = YES_ERROR;
				CLANG_WARN_RANGE_LOOP_ANALYSIS = YES;
				CLANG_WARN_STRICT_PROTOTYPES = YES;
				CLANG_WARN_SUSPICIOUS_MOVE = YES;
				CLANG_WARN_UNGUARDED_AVAILABILITY = YES_AGGRESSIVE;
				CLANG_WARN_UNREACHABLE_CODE = YES;
				CLANG_WARN__DUPLICATE_METHOD_MATCH = YES;
				CODE_SIGN_IDENTITY = "iPhone Developer";
				COPY_PHASE_STRIP = NO;
				DEBUG_INFORMATION_FORMAT = dwarf;
				ENABLE_STRICT_OBJC_MSGSEND = YES;
				ENABLE_TESTABILITY = YES;
				GCC_C_LANGUAGE_STANDARD = gnu11;
				GCC_DYNAMIC_NO_PIC = NO;
				GCC_NO_COMMON_BLOCKS = YES;
				GCC_OPTIMIZATION_LEVEL = 0;
				GCC_PREPROCESSOR_DEFINITIONS = (
					"DEBUG=1",
					"$(inherited)",
				);
				GCC_WARN_64_TO_32_BIT_CONVERSION = YES;
				GCC_WARN_ABOUT_RETURN_TYPE = YES_ERROR;
				GCC_WARN_UNDECLARED_SELECTOR = YES;
				GCC_WARN_UNINITIALIZED_AUTOS = YES_AGGRESSIVE;
				GCC_WARN_UNUSED_FUNCTION = YES;
				GCC_WARN_UNUSED_VARIABLE = YES;
				IPHONEOS_DEPLOYMENT_TARGET = 12.2;
				MTL_ENABLE_DEBUG_INFO = INCLUDE_SOURCE;
				MTL_FAST_MATH = YES;
				ONLY_ACTIVE_ARCH = YES;
				SDKROOT = iphoneos;
				SWIFT_ACTIVE_COMPILATION_CONDITIONS = DEBUG;
				SWIFT_OPTIMIZATION_LEVEL = "-Onone";
			};
			name = Debug;
		};
		493E8AEF228B4357004EC563 /* Release */ = {
			isa = XCBuildConfiguration;
			buildSettings = {
				ALWAYS_SEARCH_USER_PATHS = NO;
				CLANG_ANALYZER_NONNULL = YES;
				CLANG_ANALYZER_NUMBER_OBJECT_CONVERSION = YES_AGGRESSIVE;
				CLANG_CXX_LANGUAGE_STANDARD = "gnu++14";
				CLANG_CXX_LIBRARY = "libc++";
				CLANG_ENABLE_MODULES = YES;
				CLANG_ENABLE_OBJC_ARC = YES;
				CLANG_ENABLE_OBJC_WEAK = YES;
				CLANG_WARN_BLOCK_CAPTURE_AUTORELEASING = YES;
				CLANG_WARN_BOOL_CONVERSION = YES;
				CLANG_WARN_COMMA = YES;
				CLANG_WARN_CONSTANT_CONVERSION = YES;
				CLANG_WARN_DEPRECATED_OBJC_IMPLEMENTATIONS = YES;
				CLANG_WARN_DIRECT_OBJC_ISA_USAGE = YES_ERROR;
				CLANG_WARN_DOCUMENTATION_COMMENTS = YES;
				CLANG_WARN_EMPTY_BODY = YES;
				CLANG_WARN_ENUM_CONVERSION = YES;
				CLANG_WARN_INFINITE_RECURSION = YES;
				CLANG_WARN_INT_CONVERSION = YES;
				CLANG_WARN_NON_LITERAL_NULL_CONVERSION = YES;
				CLANG_WARN_OBJC_IMPLICIT_RETAIN_SELF = YES;
				CLANG_WARN_OBJC_LITERAL_CONVERSION = YES;
				CLANG_WARN_OBJC_ROOT_CLASS = YES_ERROR;
				CLANG_WARN_RANGE_LOOP_ANALYSIS = YES;
				CLANG_WARN_STRICT_PROTOTYPES = YES;
				CLANG_WARN_SUSPICIOUS_MOVE = YES;
				CLANG_WARN_UNGUARDED_AVAILABILITY = YES_AGGRESSIVE;
				CLANG_WARN_UNREACHABLE_CODE = YES;
				CLANG_WARN__DUPLICATE_METHOD_MATCH = YES;
				CODE_SIGN_IDENTITY = "iPhone Developer";
				COPY_PHASE_STRIP = NO;
				DEBUG_INFORMATION_FORMAT = "dwarf-with-dsym";
				ENABLE_NS_ASSERTIONS = NO;
				ENABLE_STRICT_OBJC_MSGSEND = YES;
				GCC_C_LANGUAGE_STANDARD = gnu11;
				GCC_NO_COMMON_BLOCKS = YES;
				GCC_WARN_64_TO_32_BIT_CONVERSION = YES;
				GCC_WARN_ABOUT_RETURN_TYPE = YES_ERROR;
				GCC_WARN_UNDECLARED_SELECTOR = YES;
				GCC_WARN_UNINITIALIZED_AUTOS = YES_AGGRESSIVE;
				GCC_WARN_UNUSED_FUNCTION = YES;
				GCC_WARN_UNUSED_VARIABLE = YES;
				IPHONEOS_DEPLOYMENT_TARGET = 12.2;
				MTL_ENABLE_DEBUG_INFO = NO;
				MTL_FAST_MATH = YES;
				SDKROOT = iphoneos;
				SWIFT_COMPILATION_MODE = wholemodule;
				SWIFT_OPTIMIZATION_LEVEL = "-O";
				VALIDATE_PRODUCT = YES;
			};
			name = Release;
		};
		493E8AF1228B4357004EC563 /* Debug */ = {
			isa = XCBuildConfiguration;
			baseConfigurationReference = E4D439D26148893F2BEDDB99 /* Pods-StuDo.debug.xcconfig */;
			buildSettings = {
				ASSETCATALOG_COMPILER_APPICON_NAME = AppIcon;
				CODE_SIGN_STYLE = Automatic;
				DEVELOPMENT_TEAM = RMT8Q82SET;
				INFOPLIST_FILE = "$(SRCROOT)/StuDo/Support files/Info.plist";
				IPHONEOS_DEPLOYMENT_TARGET = 11.0;
				LD_RUNPATH_SEARCH_PATHS = (
					"$(inherited)",
					"@executable_path/Frameworks",
				);
				PRODUCT_BUNDLE_IDENTIFIER = "rtu-itlab.StuDo";
				PRODUCT_NAME = "$(TARGET_NAME)";
				SWIFT_VERSION = 5.0;
				TARGETED_DEVICE_FAMILY = 1;
			};
			name = Debug;
		};
		493E8AF2228B4357004EC563 /* Release */ = {
			isa = XCBuildConfiguration;
			baseConfigurationReference = 2A17B1D50126FAE33800F6AF /* Pods-StuDo.release.xcconfig */;
			buildSettings = {
				ASSETCATALOG_COMPILER_APPICON_NAME = AppIcon;
				CODE_SIGN_STYLE = Automatic;
				DEVELOPMENT_TEAM = RMT8Q82SET;
				INFOPLIST_FILE = "$(SRCROOT)/StuDo/Support files/Info.plist";
				IPHONEOS_DEPLOYMENT_TARGET = 11.0;
				LD_RUNPATH_SEARCH_PATHS = (
					"$(inherited)",
					"@executable_path/Frameworks",
				);
				PRODUCT_BUNDLE_IDENTIFIER = "rtu-itlab.StuDo";
				PRODUCT_NAME = "$(TARGET_NAME)";
				SWIFT_VERSION = 5.0;
				TARGETED_DEVICE_FAMILY = 1;
			};
			name = Release;
		};
		493E8AF4228B4357004EC563 /* Debug */ = {
			isa = XCBuildConfiguration;
			baseConfigurationReference = 1DD12E45B438AD99D11A9CF1 /* Pods-StuDoTests.debug.xcconfig */;
			buildSettings = {
				ALWAYS_EMBED_SWIFT_STANDARD_LIBRARIES = YES;
				BUNDLE_LOADER = "$(TEST_HOST)";
				CODE_SIGN_STYLE = Automatic;
				INFOPLIST_FILE = StuDoTests/Info.plist;
				LD_RUNPATH_SEARCH_PATHS = (
					"$(inherited)",
					"@executable_path/Frameworks",
					"@loader_path/Frameworks",
				);
				PRODUCT_BUNDLE_IDENTIFIER = "rtu-it-lab.StuDoTests";
				PRODUCT_NAME = "$(TARGET_NAME)";
				SWIFT_VERSION = 5.0;
				TARGETED_DEVICE_FAMILY = "1,2";
				TEST_HOST = "$(BUILT_PRODUCTS_DIR)/StuDo.app/StuDo";
			};
			name = Debug;
		};
		493E8AF5228B4357004EC563 /* Release */ = {
			isa = XCBuildConfiguration;
			baseConfigurationReference = DD37F5D6A70202D2D3ED0DF6 /* Pods-StuDoTests.release.xcconfig */;
			buildSettings = {
				ALWAYS_EMBED_SWIFT_STANDARD_LIBRARIES = YES;
				BUNDLE_LOADER = "$(TEST_HOST)";
				CODE_SIGN_STYLE = Automatic;
				INFOPLIST_FILE = StuDoTests/Info.plist;
				LD_RUNPATH_SEARCH_PATHS = (
					"$(inherited)",
					"@executable_path/Frameworks",
					"@loader_path/Frameworks",
				);
				PRODUCT_BUNDLE_IDENTIFIER = "rtu-it-lab.StuDoTests";
				PRODUCT_NAME = "$(TARGET_NAME)";
				SWIFT_VERSION = 5.0;
				TARGETED_DEVICE_FAMILY = "1,2";
				TEST_HOST = "$(BUILT_PRODUCTS_DIR)/StuDo.app/StuDo";
			};
			name = Release;
		};
		493E8AF7228B4357004EC563 /* Debug */ = {
			isa = XCBuildConfiguration;
			baseConfigurationReference = 2FE429D61770B68559E85652 /* Pods-StuDoUITests.debug.xcconfig */;
			buildSettings = {
				ALWAYS_EMBED_SWIFT_STANDARD_LIBRARIES = YES;
				CODE_SIGN_STYLE = Automatic;
				INFOPLIST_FILE = StuDoUITests/Info.plist;
				LD_RUNPATH_SEARCH_PATHS = (
					"$(inherited)",
					"@executable_path/Frameworks",
					"@loader_path/Frameworks",
				);
				PRODUCT_BUNDLE_IDENTIFIER = "rtu-it-lab.StuDoUITests";
				PRODUCT_NAME = "$(TARGET_NAME)";
				SWIFT_VERSION = 5.0;
				TARGETED_DEVICE_FAMILY = "1,2";
				TEST_TARGET_NAME = StuDo;
			};
			name = Debug;
		};
		493E8AF8228B4357004EC563 /* Release */ = {
			isa = XCBuildConfiguration;
			baseConfigurationReference = 92FE8AEEC3A250B32B848A84 /* Pods-StuDoUITests.release.xcconfig */;
			buildSettings = {
				ALWAYS_EMBED_SWIFT_STANDARD_LIBRARIES = YES;
				CODE_SIGN_STYLE = Automatic;
				INFOPLIST_FILE = StuDoUITests/Info.plist;
				LD_RUNPATH_SEARCH_PATHS = (
					"$(inherited)",
					"@executable_path/Frameworks",
					"@loader_path/Frameworks",
				);
				PRODUCT_BUNDLE_IDENTIFIER = "rtu-it-lab.StuDoUITests";
				PRODUCT_NAME = "$(TARGET_NAME)";
				SWIFT_VERSION = 5.0;
				TARGETED_DEVICE_FAMILY = "1,2";
				TEST_TARGET_NAME = StuDo;
			};
			name = Release;
		};
/* End XCBuildConfiguration section */

/* Begin XCConfigurationList section */
		493E8AC3228B4353004EC563 /* Build configuration list for PBXProject "StuDo" */ = {
			isa = XCConfigurationList;
			buildConfigurations = (
				493E8AEE228B4357004EC563 /* Debug */,
				493E8AEF228B4357004EC563 /* Release */,
			);
			defaultConfigurationIsVisible = 0;
			defaultConfigurationName = Release;
		};
		493E8AF0228B4357004EC563 /* Build configuration list for PBXNativeTarget "StuDo" */ = {
			isa = XCConfigurationList;
			buildConfigurations = (
				493E8AF1228B4357004EC563 /* Debug */,
				493E8AF2228B4357004EC563 /* Release */,
			);
			defaultConfigurationIsVisible = 0;
			defaultConfigurationName = Release;
		};
		493E8AF3228B4357004EC563 /* Build configuration list for PBXNativeTarget "StuDoTests" */ = {
			isa = XCConfigurationList;
			buildConfigurations = (
				493E8AF4228B4357004EC563 /* Debug */,
				493E8AF5228B4357004EC563 /* Release */,
			);
			defaultConfigurationIsVisible = 0;
			defaultConfigurationName = Release;
		};
		493E8AF6228B4357004EC563 /* Build configuration list for PBXNativeTarget "StuDoUITests" */ = {
			isa = XCConfigurationList;
			buildConfigurations = (
				493E8AF7228B4357004EC563 /* Debug */,
				493E8AF8228B4357004EC563 /* Release */,
			);
			defaultConfigurationIsVisible = 0;
			defaultConfigurationName = Release;
		};
/* End XCConfigurationList section */
	};
	rootObject = 493E8AC0228B4353004EC563 /* Project object */;
}
